
Microsoft Visual Studio Solution File, Format Version 12.00
# Visual Studio Version 17
VisualStudioVersion = 17.13.35919.96
MinimumVisualStudioVersion = 10.0.40219.1
Project("{FAE04EC0-301F-11D3-BF4B-00C04F79EFBC}") = "PatientApplication", "PatientApplication\PatientApplication.csproj", "{DC30D5CF-5521-4E61-A9C0-9732BF3D4D4E}"
EndProject
Project("{FAE04EC0-301F-11D3-BF4B-00C04F79EFBC}") = "ProviderApplication", "ProviderApplication\ProviderApplication.csproj", "{D477AE4C-1A8A-4FE4-A213-A7DBDC8DA1DF}"
EndProject
Project("{2150E333-8FDC-42A3-9474-1A3956D46DE8}") = "Services", "Services", "{02EA681E-C7D8-13C7-8484-4AC65E1B71E8}"
EndProject
Project("{2150E333-8FDC-42A3-9474-1A3956D46DE8}") = "Gateway", "Gateway", "{165AAC67-34E4-4AC8-B48E-10A53D410CA7}"
EndProject
Project("{FAE04EC0-301F-11D3-BF4B-00C04F79EFBC}") = "YARPWebApplication", "YARPWebApplication\YARPWebApplication.csproj", "{43D7CCC1-05B1-470E-AE13-5DF807B71F76}"
EndProject
Global
	GlobalSection(SolutionConfigurationPlatforms) = preSolution
		Debug|Any CPU = Debug|Any CPU
		Release|Any CPU = Release|Any CPU
	EndGlobalSection
	GlobalSection(ProjectConfigurationPlatforms) = postSolution
		{DC30D5CF-5521-4E61-A9C0-9732BF3D4D4E}.Debug|Any CPU.ActiveCfg = Debug|Any CPU
		{DC30D5CF-5521-4E61-A9C0-9732BF3D4D4E}.Debug|Any CPU.Build.0 = Debug|Any CPU
		{DC30D5CF-5521-4E61-A9C0-9732BF3D4D4E}.Release|Any CPU.ActiveCfg = Release|Any CPU
		{DC30D5CF-5521-4E61-A9C0-9732BF3D4D4E}.Release|Any CPU.Build.0 = Release|Any CPU
		{D477AE4C-1A8A-4FE4-A213-A7DBDC8DA1DF}.Debug|Any CPU.ActiveCfg = Debug|Any CPU
		{D477AE4C-1A8A-4FE4-A213-A7DBDC8DA1DF}.Debug|Any CPU.Build.0 = Debug|Any CPU
		{D477AE4C-1A8A-4FE4-A213-A7DBDC8DA1DF}.Release|Any CPU.ActiveCfg = Release|Any CPU
		{D477AE4C-1A8A-4FE4-A213-A7DBDC8DA1DF}.Release|Any CPU.Build.0 = Release|Any CPU
		{43D7CCC1-05B1-470E-AE13-5DF807B71F76}.Debug|Any CPU.ActiveCfg = Debug|Any CPU
		{43D7CCC1-05B1-470E-AE13-5DF807B71F76}.Debug|Any CPU.Build.0 = Debug|Any CPU
		{43D7CCC1-05B1-470E-AE13-5DF807B71F76}.Release|Any CPU.ActiveCfg = Release|Any CPU
		{43D7CCC1-05B1-470E-AE13-5DF807B71F76}.Release|Any CPU.Build.0 = Release|Any CPU
	EndGlobalSection
	GlobalSection(SolutionProperties) = preSolution
		HideSolutionNode = FALSE
	EndGlobalSection
	GlobalSection(NestedProjects) = preSolution
		{DC30D5CF-5521-4E61-A9C0-9732BF3D4D4E} = {02EA681E-C7D8-13C7-8484-4AC65E1B71E8}
		{D477AE4C-1A8A-4FE4-A213-A7DBDC8DA1DF} = {02EA681E-C7D8-13C7-8484-4AC65E1B71E8}
		{43D7CCC1-05B1-470E-AE13-5DF807B71F76} = {165AAC67-34E4-4AC8-B48E-10A53D410CA7}
	EndGlobalSection
	GlobalSection(ExtensibilityGlobals) = postSolution
		SolutionGuid = {338C0F52-F693-4C53-8CBA-BA148225C0A2}
	EndGlobalSection
EndGlobal
